
Microsoft Visual Studio Solution File, Format Version 12.00
# Visual Studio Version 17
VisualStudioVersion = 17.14.36623.8 d17.14
MinimumVisualStudioVersion = 10.0.40219.1
Project("{FAE04EC0-301F-11D3-BF4B-00C04F79EFBC}") = "BackendApi", "BackendApi\BackendApi.csproj", "{5487069A-9024-4704-92DF-A46CCEE4A5F5}"
EndProject
Project("{FAE04EC0-301F-11D3-BF4B-00C04F79EFBC}") = "DataAccess", "DataAccess\DataAccess.csproj", "{1E3012C5-23A7-4DBE-B633-2E99BD7855A1}"
EndProject
Project("{FAE04EC0-301F-11D3-BF4B-00C04F79EFBC}") = "Domain", "Domain\Domain.csproj", "{B683019A-8190-430D-AF1A-4DCDE57B6B8E}"
EndProject
Project("{FAE04EC0-301F-11D3-BF4B-00C04F79EFBC}") = "BusinessLogic", "BusinessLogic\BusinessLogic.csproj", "{B2DFCF12-9C9D-4BA5-B811-81DDC94ED078}"
EndProject
Global
	GlobalSection(SolutionConfigurationPlatforms) = preSolution
		Debug|Any CPU = Debug|Any CPU
		Release|Any CPU = Release|Any CPU
	EndGlobalSection
	GlobalSection(ProjectConfigurationPlatforms) = postSolution
		{5487069A-9024-4704-92DF-A46CCEE4A5F5}.Debug|Any CPU.ActiveCfg = Debug|Any CPU
		{5487069A-9024-4704-92DF-A46CCEE4A5F5}.Debug|Any CPU.Build.0 = Debug|Any CPU
		{5487069A-9024-4704-92DF-A46CCEE4A5F5}.Release|Any CPU.ActiveCfg = Release|Any CPU
		{5487069A-9024-4704-92DF-A46CCEE4A5F5}.Release|Any CPU.Build.0 = Release|Any CPU
		{1E3012C5-23A7-4DBE-B633-2E99BD7855A1}.Debug|Any CPU.ActiveCfg = Debug|Any CPU
		{1E3012C5-23A7-4DBE-B633-2E99BD7855A1}.Debug|Any CPU.Build.0 = Debug|Any CPU
		{1E3012C5-23A7-4DBE-B633-2E99BD7855A1}.Release|Any CPU.ActiveCfg = Release|Any CPU
		{1E3012C5-23A7-4DBE-B633-2E99BD7855A1}.Release|Any CPU.Build.0 = Release|Any CPU
		{B683019A-8190-430D-AF1A-4DCDE57B6B8E}.Debug|Any CPU.ActiveCfg = Debug|Any CPU
		{B683019A-8190-430D-AF1A-4DCDE57B6B8E}.Debug|Any CPU.Build.0 = Debug|Any CPU
		{B683019A-8190-430D-AF1A-4DCDE57B6B8E}.Release|Any CPU.ActiveCfg = Release|Any CPU
		{B683019A-8190-430D-AF1A-4DCDE57B6B8E}.Release|Any CPU.Build.0 = Release|Any CPU
		{B2DFCF12-9C9D-4BA5-B811-81DDC94ED078}.Debug|Any CPU.ActiveCfg = Debug|Any CPU
		{B2DFCF12-9C9D-4BA5-B811-81DDC94ED078}.Debug|Any CPU.Build.0 = Debug|Any CPU
		{B2DFCF12-9C9D-4BA5-B811-81DDC94ED078}.Release|Any CPU.ActiveCfg = Release|Any CPU
		{B2DFCF12-9C9D-4BA5-B811-81DDC94ED078}.Release|Any CPU.Build.0 = Release|Any CPU
	EndGlobalSection
	GlobalSection(SolutionProperties) = preSolution
		HideSolutionNode = FALSE
	EndGlobalSection
	GlobalSection(ExtensibilityGlobals) = postSolution
		SolutionGuid = {5D2A6B1A-C814-44AA-822B-DBA44B548185}
	EndGlobalSection
EndGlobal
